
Microsoft Visual Studio Solution File, Format Version 12.00
# Visual Studio Version 17
VisualStudioVersion = 17.2.32519.379
MinimumVisualStudioVersion = 10.0.40219.1
Project("{FAE04EC0-301F-11D3-BF4B-00C04F79EFBC}") = "exercicos", "exercicos.csproj", "{577A9B82-53F9-4884-8901-1BB1D475D26B}"
EndProject
Global
	GlobalSection(SolutionConfigurationPlatforms) = preSolution
		Debug|Any CPU = Debug|Any CPU
		Release|Any CPU = Release|Any CPU
	EndGlobalSection
	GlobalSection(ProjectConfigurationPlatforms) = postSolution
		{577A9B82-53F9-4884-8901-1BB1D475D26B}.Debug|Any CPU.ActiveCfg = Debug|Any CPU
		{577A9B82-53F9-4884-8901-1BB1D475D26B}.Debug|Any CPU.Build.0 = Debug|Any CPU
		{577A9B82-53F9-4884-8901-1BB1D475D26B}.Release|Any CPU.ActiveCfg = Release|Any CPU
		{577A9B82-53F9-4884-8901-1BB1D475D26B}.Release|Any CPU.Build.0 = Release|Any CPU
	EndGlobalSection
	GlobalSection(SolutionProperties) = preSolution
		HideSolutionNode = FALSE
	EndGlobalSection
	GlobalSection(ExtensibilityGlobals) = postSolution
		SolutionGuid = {D767259E-3CAE-4347-9871-3D9BD24DD693}
	EndGlobalSection
EndGlobal
